PODS:
  - Alamofire (4.5.1)
  - DACircularProgress (2.3.1)
  - Differentiator (2.0.2)
  - EaseUILite (3.3.2):
    - HyphenateLite (~> 3.3.2)
    - MJRefresh (~> 3.1.0)
    - MWPhotoBrowser (~> 2.1.1)
  - HandyJSON (1.8.0)
  - HyphenateLite (3.3.4.1)
  - MBProgressHUD (0.9.2)
  - MJRefresh (3.1.12)
  - MWPhotoBrowser (2.1.2):
    - DACircularProgress (~> 2.3)
    - MBProgressHUD (~> 0.9)
    - SDWebImage (!= 3.7.2, ~> 3.7)
  - RxCocoa (3.6.1):
    - RxSwift (~> 3.6)
  - RxDataSources (2.0.2):
    - Differentiator (~> 2.0)
    - RxCocoa (>= 3.6.1)
    - RxSwift (>= 3.6.1)
  - RxSwift (3.6.1)
  - SDWebImage (3.8.2):
    - SDWebImage/Core (= 3.8.2)
  - SDWebImage/Core (3.8.2)

DEPENDENCIES:
  - Alamofire
  - EaseUILite (from `https://github.com/easemob/easeui-ios-hyphenate-cocoapods.git`, tag `3.3.2`)
  - HandyJSON
  - HyphenateLite
  - RxCocoa
  - RxDataSources
  - RxSwift

EXTERNAL SOURCES:
  EaseUILite:
    :git: https://github.com/easemob/easeui-ios-hyphenate-cocoapods.git
    :tag: 3.3.2

CHECKOUT OPTIONS:
  EaseUILite:
    :git: https://github.com/easemob/easeui-ios-hyphenate-cocoapods.git
    :tag: 3.3.2

SPEC CHECKSUMS:
  Alamofire: 2d95912bf4c34f164fdfc335872e8c312acaea4a
  DACircularProgress: 4dd437c0fc3da5161cb289e07ac449493d41db71
  Differentiator: caa9b3957981a2ac8e6b2eac8a676af461caa604
  EaseUILite: b30865415dfea22b5453c6d7eb5c737f84e5ed84
  HandyJSON: edaaa3278bf4c4c96d6f7382b80d6b91c88d3bf5
  HyphenateLite: 19e216404a15ed9b41906da00e2c1a7012e816a6
  MBProgressHUD: 1569cf7ace17a8bac47aabfbb8580a49690386d1
  MJRefresh: b96cdb21c4aa75a7b07654311ab2f315c497e806
  MWPhotoBrowser: 5836d7aa041dc05a13de380c246826578adc5ea5
  RxCocoa: 84a08739ab186248c7f31ce4ee92d6f8a947d690
  RxDataSources: 7f190474a93a206c082c2d74c4cc9c8f7bea4feb
  RxSwift: f9de85ea20cd2f7716ee5409fc13523dc638e4e4
  SDWebImage: 098e97e6176540799c27e804c96653ee0833d13c

PODFILE CHECKSUM: bbcdd16082e5ba44822af420f15a1e671c18e78b

COCOAPODS: 1.2.1
